
Microsoft Visual Studio Solution File, Format Version 12.00
# Visual Studio Version 17
VisualStudioVersion = 17.10.34916.146
MinimumVisualStudioVersion = 10.0.40219.1
Project("{FAE04EC0-301F-11D3-BF4B-00C04F79EFBC}") = "CalculadoraApp.Core.Tests", "CalculadoraApp\CalculadoraApp.Core.Tests.csproj", "{CE8E073A-E21E-4742-9C87-405A63F3EC0D}"
EndProject
Project("{FAE04EC0-301F-11D3-BF4B-00C04F79EFBC}") = "CalculadoraApp.Core", "CalculadoraApp.Core\CalculadoraApp.Core.csproj", "{B94AC5F3-6007-4842-A9B6-7773DED3F237}"
EndProject
Global
	GlobalSection(SolutionConfigurationPlatforms) = preSolution
		Debug|Any CPU = Debug|Any CPU
		Release|Any CPU = Release|Any CPU
	EndGlobalSection
	GlobalSection(ProjectConfigurationPlatforms) = postSolution
		{CE8E073A-E21E-4742-9C87-405A63F3EC0D}.Debug|Any CPU.ActiveCfg = Debug|Any CPU
		{CE8E073A-E21E-4742-9C87-405A63F3EC0D}.Debug|Any CPU.Build.0 = Debug|Any CPU
		{CE8E073A-E21E-4742-9C87-405A63F3EC0D}.Release|Any CPU.ActiveCfg = Release|Any CPU
		{CE8E073A-E21E-4742-9C87-405A63F3EC0D}.Release|Any CPU.Build.0 = Release|Any CPU
		{B94AC5F3-6007-4842-A9B6-7773DED3F237}.Debug|Any CPU.ActiveCfg = Debug|Any CPU
		{B94AC5F3-6007-4842-A9B6-7773DED3F237}.Debug|Any CPU.Build.0 = Debug|Any CPU
		{B94AC5F3-6007-4842-A9B6-7773DED3F237}.Release|Any CPU.ActiveCfg = Release|Any CPU
		{B94AC5F3-6007-4842-A9B6-7773DED3F237}.Release|Any CPU.Build.0 = Release|Any CPU
	EndGlobalSection
	GlobalSection(SolutionProperties) = preSolution
		HideSolutionNode = FALSE
	EndGlobalSection
	GlobalSection(ExtensibilityGlobals) = postSolution
		SolutionGuid = {6EA5775B-E79A-48E9-BC0A-D40BC9CC6855}
	EndGlobalSection
EndGlobal
